
Microsoft Visual Studio Solution File, Format Version 12.00
# Visual Studio 2013
VisualStudioVersion = 12.0.30501.0
MinimumVisualStudioVersion = 10.0.40219.1
Project("{FAE04EC0-301F-11D3-BF4B-00C04F79EFBC}") = "Tests", "Tests\Tests.csproj", "{A71B8EEB-60D8-4CCD-A5ED-83942A23FF4F}"
EndProject
Project("{FAE04EC0-301F-11D3-BF4B-00C04F79EFBC}") = "Klepto", "Klepto\Klepto.csproj", "{6B687654-386E-482C-91AC-871CEABEDC75}"
EndProject
Project("{FAE04EC0-301F-11D3-BF4B-00C04F79EFBC}") = "Klepto.EventProviders", "Klepto.EventProviders\Klepto.EventProviders.csproj", "{B516C6A6-9462-4364-94ED-901ADF54ECF5}"
EndProject
Global
	GlobalSection(SolutionConfigurationPlatforms) = preSolution
		Debug|Any CPU = Debug|Any CPU
		Release|Any CPU = Release|Any CPU
	EndGlobalSection
	GlobalSection(ProjectConfigurationPlatforms) = postSolution
		{A71B8EEB-60D8-4CCD-A5ED-83942A23FF4F}.Debug|Any CPU.ActiveCfg = Debug|Any CPU
		{A71B8EEB-60D8-4CCD-A5ED-83942A23FF4F}.Debug|Any CPU.Build.0 = Debug|Any CPU
		{A71B8EEB-60D8-4CCD-A5ED-83942A23FF4F}.Release|Any CPU.ActiveCfg = Release|Any CPU
		{A71B8EEB-60D8-4CCD-A5ED-83942A23FF4F}.Release|Any CPU.Build.0 = Release|Any CPU
		{6B687654-386E-482C-91AC-871CEABEDC75}.Debug|Any CPU.ActiveCfg = Debug|Any CPU
		{6B687654-386E-482C-91AC-871CEABEDC75}.Debug|Any CPU.Build.0 = Debug|Any CPU
		{6B687654-386E-482C-91AC-871CEABEDC75}.Release|Any CPU.ActiveCfg = Release|Any CPU
		{6B687654-386E-482C-91AC-871CEABEDC75}.Release|Any CPU.Build.0 = Release|Any CPU
		{B516C6A6-9462-4364-94ED-901ADF54ECF5}.Debug|Any CPU.ActiveCfg = Debug|Any CPU
		{B516C6A6-9462-4364-94ED-901ADF54ECF5}.Debug|Any CPU.Build.0 = Debug|Any CPU
		{B516C6A6-9462-4364-94ED-901ADF54ECF5}.Release|Any CPU.ActiveCfg = Release|Any CPU
		{B516C6A6-9462-4364-94ED-901ADF54ECF5}.Release|Any CPU.Build.0 = Release|Any CPU
	EndGlobalSection
	GlobalSection(SolutionProperties) = preSolution
		HideSolutionNode = FALSE
	EndGlobalSection
EndGlobal
